
Microsoft Visual Studio Solution File, Format Version 12.00
# Visual Studio Version 16
VisualStudioVersion = 16.0.30804.86
MinimumVisualStudioVersion = 10.0.40219.1
Project("{FAE04EC0-301F-11D3-BF4B-00C04F79EFBC}") = "TesteVogal", "TesteVogal\TesteVogal.csproj", "{A3198486-BC57-48E3-954A-D2342C8695BA}"
EndProject
Project("{FAE04EC0-301F-11D3-BF4B-00C04F79EFBC}") = "TesteVogal.Teste", "TesteVogal.Teste\TesteVogal.Teste.csproj", "{37438AAB-E68E-4C62-879A-D2F459B891E3}"
EndProject
Global
	GlobalSection(SolutionConfigurationPlatforms) = preSolution
		Debug|Any CPU = Debug|Any CPU
		Release|Any CPU = Release|Any CPU
	EndGlobalSection
	GlobalSection(ProjectConfigurationPlatforms) = postSolution
		{A3198486-BC57-48E3-954A-D2342C8695BA}.Debug|Any CPU.ActiveCfg = Debug|Any CPU
		{A3198486-BC57-48E3-954A-D2342C8695BA}.Debug|Any CPU.Build.0 = Debug|Any CPU
		{A3198486-BC57-48E3-954A-D2342C8695BA}.Release|Any CPU.ActiveCfg = Release|Any CPU
		{A3198486-BC57-48E3-954A-D2342C8695BA}.Release|Any CPU.Build.0 = Release|Any CPU
		{37438AAB-E68E-4C62-879A-D2F459B891E3}.Debug|Any CPU.ActiveCfg = Debug|Any CPU
		{37438AAB-E68E-4C62-879A-D2F459B891E3}.Debug|Any CPU.Build.0 = Debug|Any CPU
		{37438AAB-E68E-4C62-879A-D2F459B891E3}.Release|Any CPU.ActiveCfg = Release|Any CPU
		{37438AAB-E68E-4C62-879A-D2F459B891E3}.Release|Any CPU.Build.0 = Release|Any CPU
	EndGlobalSection
	GlobalSection(SolutionProperties) = preSolution
		HideSolutionNode = FALSE
	EndGlobalSection
	GlobalSection(ExtensibilityGlobals) = postSolution
		SolutionGuid = {120F4F73-15FC-4017-BB0F-13CE4ADB5DE6}
	EndGlobalSection
EndGlobal
